<?xml version="1.0" encoding="utf-8"?>
<Project ToolsVersion="4.0" xmlns="http://schemas.microsoft.com/developer/msbuild/2003">
  <ItemGroup>
    <Filter Include="Example1">
      <UniqueIdentifier>{223CF628-0E09-5134-3722-3FDC234E86C2}</UniqueIdentifier>
    </Filter>
    <Filter Include="Example2">
      <UniqueIdentifier>{233CF628-0F09-5134-3822-3FDC244E86C2}</UniqueIdentifier>
    </Filter>
    <Filter Include="Example2\Bird">
      <UniqueIdentifier>{73C8587D-DF88-D4B3-A8C3-1D3114431990}</UniqueIdentifier>
    </Filter>
    <Filter Include="Example2\Pipe">
      <UniqueIdentifier>{8075607D-EC35-DCB3-B570-253121F02090}</UniqueIdentifier>
    </Filter>
    <Filter Include="Example2\Random">
      <UniqueIdentifier>{73546C5B-DFDF-D91F-E8F0-5C1454FB3520}</UniqueIdentifier>
    </Filter>
    <Filter Include="Example3">
      <UniqueIdentifier>{243CF628-1009-5134-3922-3FDC254E86C2}</UniqueIdentifier>
    </Filter>
  </ItemGroup>
  <ItemGroup>
    <ClInclude Include="src\Example2\Bird\Bird.h">
      <Filter>Example2\Bird</Filter>
    </ClInclude>
    <ClInclude Include="src\Example2\Pipe\Pipe.h">
      <Filter>Example2\Pipe</Filter>
    </ClInclude>
    <ClInclude Include="src\Example2\Random\Random.h">
      <Filter>Example2\Random</Filter>
    </ClInclude>
  </ItemGroup>
  <ItemGroup>
    <ClCompile Include="src\Example1\main.cpp">
      <Filter>Example1</Filter>
    </ClCompile>
    <ClCompile Include="src\Example2\Bird\Bird.cpp">
      <Filter>Example2\Bird</Filter>
    </ClCompile>
    <ClCompile Include="src\Example2\Pipe\Pipe.cpp">
      <Filter>Example2\Pipe</Filter>
    </ClCompile>
    <ClCompile Include="src\Example2\Random\Random.cpp">
      <Filter>Example2\Random</Filter>
    </ClCompile>
    <ClCompile Include="src\Example2\main.cpp">
      <Filter>Example2</Filter>
    </ClCompile>
    <ClCompile Include="src\Example3\main.cpp">
      <Filter>Example3</Filter>
    </ClCompile>
  </ItemGroup>
</Project>