<?xml version="1.0" encoding="utf-8"?>
<Project ToolsVersion="4.0" xmlns="http://schemas.microsoft.com/developer/msbuild/2003">
  <ItemGroup>
    <Filter Include="Origin">
      <UniqueIdentifier>{CDCF70C8-B971-9B9E-A22C-AFF28E6D22EF}</UniqueIdentifier>
    </Filter>
    <Filter Include="Origin\Events">
      <UniqueIdentifier>{1113BF21-7DD3-3A58-460E-84D5B28D7F34}</UniqueIdentifier>
    </Filter>
    <Filter Include="Origin\Input">
      <UniqueIdentifier>{8C65FCCA-78C8-8B6F-214E-C4250D9057F2}</UniqueIdentifier>
    </Filter>
    <Filter Include="Origin\Layer">
      <UniqueIdentifier>{59B22BCB-4515-BB6F-EE9A-F325DADC86F2}</UniqueIdentifier>
    </Filter>
    <Filter Include="Origin\Utility">
      <UniqueIdentifier>{100BE224-FCD8-D52A-E56C-4651D1D9B18F}</UniqueIdentifier>
    </Filter>
    <Filter Include="Origin\Utility\Imgui">
      <UniqueIdentifier>{5A14ABC9-46A3-3493-EFC1-488EDB2F4539}</UniqueIdentifier>
    </Filter>
    <Filter Include="Origin\Utility\Log">
      <UniqueIdentifier>{E12A2C8E-CD0E-EDE3-366F-E7362272D765}</UniqueIdentifier>
    </Filter>
    <Filter Include="Platform">
      <UniqueIdentifier>{2AC788B4-1694-E3BF-3FAD-D1672BD9184E}</UniqueIdentifier>
    </Filter>
    <Filter Include="Platform\Windows">
      <UniqueIdentifier>{64FBD71A-50F4-F66C-7926-DCF1657ED678}</UniqueIdentifier>
    </Filter>
  </ItemGroup>
  <ItemGroup>
    <ClInclude Include="src\OGpch.h" />
    <ClInclude Include="src\Origin.h" />
    <ClInclude Include="src\Origin\Application.h">
      <Filter>Origin</Filter>
    </ClInclude>
    <ClInclude Include="src\Origin\Core.h">
      <Filter>Origin</Filter>
    </ClInclude>
    <ClInclude Include="src\Origin\EntryPoint.h">
      <Filter>Origin</Filter>
    </ClInclude>
    <ClInclude Include="src\Origin\Events\ApplicationEvents.h">
      <Filter>Origin\Events</Filter>
    </ClInclude>
    <ClInclude Include="src\Origin\Events\Events.h">
      <Filter>Origin\Events</Filter>
    </ClInclude>
    <ClInclude Include="src\Origin\Events\InputEvents.h">
      <Filter>Origin\Events</Filter>
    </ClInclude>
    <ClInclude Include="src\Origin\Input\Input.h">
      <Filter>Origin\Input</Filter>
    </ClInclude>
    <ClInclude Include="src\Origin\Input\KeyCodes.h">
      <Filter>Origin\Input</Filter>
    </ClInclude>
    <ClInclude Include="src\Origin\Input\MouseCodes.h">
      <Filter>Origin\Input</Filter>
    </ClInclude>
    <ClInclude Include="src\Origin\Layer\Layer.h">
      <Filter>Origin\Layer</Filter>
    </ClInclude>
    <ClInclude Include="src\Origin\Layer\LayerStack.h">
      <Filter>Origin\Layer</Filter>
    </ClInclude>
    <ClInclude Include="src\Origin\Utility\Imgui\ImGuiLayer.h">
      <Filter>Origin\Utility\Imgui</Filter>
    </ClInclude>
    <ClInclude Include="src\Origin\Utility\Log\Log.h">
      <Filter>Origin\Utility\Log</Filter>
    </ClInclude>
    <ClInclude Include="src\Origin\Window.h">
      <Filter>Origin</Filter>
    </ClInclude>
    <ClInclude Include="src\Platform\Windows\WindowsInput.h">
      <Filter>Platform\Windows</Filter>
    </ClInclude>
    <ClInclude Include="src\Platform\Windows\WindowsWindow.h">
      <Filter>Platform\Windows</Filter>
    </ClInclude>
  </ItemGroup>
  <ItemGroup>
    <ClCompile Include="src\OGpch.cpp" />
    <ClCompile Include="src\Origin\Application.cpp">
      <Filter>Origin</Filter>
    </ClCompile>
    <ClCompile Include="src\Origin\Layer\Layer.cpp">
      <Filter>Origin\Layer</Filter>
    </ClCompile>
    <ClCompile Include="src\Origin\Layer\LayerStack.cpp">
      <Filter>Origin\Layer</Filter>
    </ClCompile>
    <ClCompile Include="src\Origin\Utility\Imgui\ImGuiBuild.cpp">
      <Filter>Origin\Utility\Imgui</Filter>
    </ClCompile>
    <ClCompile Include="src\Origin\Utility\Imgui\ImGuiLayer.cpp">
      <Filter>Origin\Utility\Imgui</Filter>
    </ClCompile>
    <ClCompile Include="src\Origin\Utility\Log\Log.cpp">
      <Filter>Origin\Utility\Log</Filter>
    </ClCompile>
    <ClCompile Include="src\Platform\Windows\WindowsInput.cpp">
      <Filter>Platform\Windows</Filter>
    </ClCompile>
    <ClCompile Include="src\Platform\Windows\WindowsWindow.cpp">
      <Filter>Platform\Windows</Filter>
    </ClCompile>
  </ItemGroup>
</Project>