<?xml version="1.0" encoding="utf-8"?>
<Project ToolsVersion="4.0" xmlns="http://schemas.microsoft.com/developer/msbuild/2003">
  <ItemGroup>
    <Filter Include="src">
      <UniqueIdentifier>{2DAB880B-99B4-887C-2230-9F7C8E38947C}</UniqueIdentifier>
    </Filter>
    <Filter Include="src\Origin">
      <UniqueIdentifier>{04A9CF25-F060-1173-5968-EACE453FAC63}</UniqueIdentifier>
    </Filter>
    <Filter Include="src\Origin\Core">
      <UniqueIdentifier>{DC0FCF63-489B-3C28-51AC-BF1CBDB69828}</UniqueIdentifier>
    </Filter>
    <Filter Include="src\Origin\Core\Math">
      <UniqueIdentifier>{35BE3D1F-214D-C7E8-CA6B-DBE3B6D9D78E}</UniqueIdentifier>
    </Filter>
    <Filter Include="src\Origin\Core\ResourceManager">
      <UniqueIdentifier>{EE302EF9-5A14-3D39-6317-6B75CF79038A}</UniqueIdentifier>
    </Filter>
    <Filter Include="src\Origin\Events">
      <UniqueIdentifier>{6888F498-D49E-F22E-1D16-7E50896BC3B6}</UniqueIdentifier>
    </Filter>
    <Filter Include="src\Origin\Input">
      <UniqueIdentifier>{030C1DDE-EF04-3C30-1837-21B5048F1B3C}</UniqueIdentifier>
    </Filter>
    <Filter Include="src\Origin\Layer">
      <UniqueIdentifier>{D0584CDE-BC51-6B30-E583-50B5D1DB4A3C}</UniqueIdentifier>
    </Filter>
    <Filter Include="src\Origin\Renderer">
      <UniqueIdentifier>{2A51339F-96B2-10AD-1F20-575F8B80476C}</UniqueIdentifier>
    </Filter>
    <Filter Include="src\Origin\Renderer\Primitives">
      <UniqueIdentifier>{C580712B-B1A6-3B92-9AEC-C05D86B1605E}</UniqueIdentifier>
    </Filter>
    <Filter Include="src\Origin\Renderer\Utility">
      <UniqueIdentifier>{6D99CAA3-D9A6-F889-628D-F474CE99C440}</UniqueIdentifier>
    </Filter>
    <Filter Include="src\Origin\Renderer\Utility\Camera">
      <UniqueIdentifier>{45B11FF2-31ED-225C-9AFF-3A53865ACB76}</UniqueIdentifier>
    </Filter>
    <Filter Include="src\Origin\Scene">
      <UniqueIdentifier>{21C9CBDE-0DC2-EA30-36F4-CFB5224CCA3C}</UniqueIdentifier>
    </Filter>
    <Filter Include="src\Origin\Utility">
      <UniqueIdentifier>{472BC682-330F-87D8-9C6F-812B8872715A}</UniqueIdentifier>
    </Filter>
    <Filter Include="src\Origin\Utility\FileSystem">
      <UniqueIdentifier>{FB121222-672B-F94B-30D8-88E59CAF8DE5}</UniqueIdentifier>
    </Filter>
    <Filter Include="src\Origin\Utility\Imgui">
      <UniqueIdentifier>{D141EAD3-BD66-3954-E6B1-1EE4D2353872}</UniqueIdentifier>
    </Filter>
    <Filter Include="src\Origin\Utility\Log">
      <UniqueIdentifier>{988E0385-8488-2CD7-6DF5-C2E7598E9243}</UniqueIdentifier>
    </Filter>
    <Filter Include="src\Origin\Utility\Time">
      <UniqueIdentifier>{45AC7925-B1E3-C1BC-BAED-25E026A4E8B5}</UniqueIdentifier>
    </Filter>
    <Filter Include="src\Platform">
      <UniqueIdentifier>{21CA02E5-0D2D-9289-B6B2-CA3FA2F45D0C}</UniqueIdentifier>
    </Filter>
    <Filter Include="src\Platform\Opengl">
      <UniqueIdentifier>{75A89437-E109-7245-6A77-B8F7D6D7A804}</UniqueIdentifier>
    </Filter>
    <Filter Include="src\Platform\Windows">
      <UniqueIdentifier>{5B054582-4794-CE4B-F0B2-E246DC20DFF1}</UniqueIdentifier>
    </Filter>
    <Filter Include="vendor">
      <UniqueIdentifier>{B3738122-9F15-ACF8-88D0-BF4C74113349}</UniqueIdentifier>
    </Filter>
    <Filter Include="vendor\entt">
      <UniqueIdentifier>{DD8078C1-4936-F1B6-D22A-EB8D3EDFE7BA}</UniqueIdentifier>
    </Filter>
    <Filter Include="vendor\stb_image">
      <UniqueIdentifier>{0DA0BA59-F998-D9AB-22CB-BE300E23B9B7}</UniqueIdentifier>
    </Filter>
  </ItemGroup>
  <ItemGroup>
    <ClInclude Include="src\OGpch.h">
      <Filter>src</Filter>
    </ClInclude>
    <ClInclude Include="src\Origin.h">
      <Filter>src</Filter>
    </ClInclude>
    <ClInclude Include="src\Origin\Core\Application.h">
      <Filter>src\Origin\Core</Filter>
    </ClInclude>
    <ClInclude Include="src\Origin\Core\Asset.h">
      <Filter>src\Origin\Core</Filter>
    </ClInclude>
    <ClInclude Include="src\Origin\Core\Core.h">
      <Filter>src\Origin\Core</Filter>
    </ClInclude>
    <ClInclude Include="src\Origin\Core\EntryPoint.h">
      <Filter>src\Origin\Core</Filter>
    </ClInclude>
    <ClInclude Include="src\Origin\Core\Math\Math.h">
      <Filter>src\Origin\Core\Math</Filter>
    </ClInclude>
    <ClInclude Include="src\Origin\Core\ResourceManager\AssetPool.h">
      <Filter>src\Origin\Core\ResourceManager</Filter>
    </ClInclude>
    <ClInclude Include="src\Origin\Core\Window.h">
      <Filter>src\Origin\Core</Filter>
    </ClInclude>
    <ClInclude Include="src\Origin\Events\ApplicationEvents.h">
      <Filter>src\Origin\Events</Filter>
    </ClInclude>
    <ClInclude Include="src\Origin\Events\Events.h">
      <Filter>src\Origin\Events</Filter>
    </ClInclude>
    <ClInclude Include="src\Origin\Events\InputEvents.h">
      <Filter>src\Origin\Events</Filter>
    </ClInclude>
    <ClInclude Include="src\Origin\Input\Input.h">
      <Filter>src\Origin\Input</Filter>
    </ClInclude>
    <ClInclude Include="src\Origin\Input\KeyCodes.h">
      <Filter>src\Origin\Input</Filter>
    </ClInclude>
    <ClInclude Include="src\Origin\Input\MouseCodes.h">
      <Filter>src\Origin\Input</Filter>
    </ClInclude>
    <ClInclude Include="src\Origin\Layer\Layer.h">
      <Filter>src\Origin\Layer</Filter>
    </ClInclude>
    <ClInclude Include="src\Origin\Layer\LayerStack.h">
      <Filter>src\Origin\Layer</Filter>
    </ClInclude>
    <ClInclude Include="src\Origin\Renderer\GraphicsContex.h">
      <Filter>src\Origin\Renderer</Filter>
    </ClInclude>
    <ClInclude Include="src\Origin\Renderer\Primitives\Buffers.h">
      <Filter>src\Origin\Renderer\Primitives</Filter>
    </ClInclude>
    <ClInclude Include="src\Origin\Renderer\Primitives\FrameBuffer.h">
      <Filter>src\Origin\Renderer\Primitives</Filter>
    </ClInclude>
    <ClInclude Include="src\Origin\Renderer\Primitives\Shader.h">
      <Filter>src\Origin\Renderer\Primitives</Filter>
    </ClInclude>
    <ClInclude Include="src\Origin\Renderer\Primitives\Texture.h">
      <Filter>src\Origin\Renderer\Primitives</Filter>
    </ClInclude>
    <ClInclude Include="src\Origin\Renderer\Primitives\TextureAtlas.h">
      <Filter>src\Origin\Renderer\Primitives</Filter>
    </ClInclude>
    <ClInclude Include="src\Origin\Renderer\Primitives\VertexArray.h">
      <Filter>src\Origin\Renderer\Primitives</Filter>
    </ClInclude>
    <ClInclude Include="src\Origin\Renderer\RenderCommand.h">
      <Filter>src\Origin\Renderer</Filter>
    </ClInclude>
    <ClInclude Include="src\Origin\Renderer\Renderer.h">
      <Filter>src\Origin\Renderer</Filter>
    </ClInclude>
    <ClInclude Include="src\Origin\Renderer\Renderer2D.h">
      <Filter>src\Origin\Renderer</Filter>
    </ClInclude>
    <ClInclude Include="src\Origin\Renderer\RendererAPI.h">
      <Filter>src\Origin\Renderer</Filter>
    </ClInclude>
    <ClInclude Include="src\Origin\Renderer\Utility\Camera\Camera.h">
      <Filter>src\Origin\Renderer\Utility\Camera</Filter>
    </ClInclude>
    <ClInclude Include="src\Origin\Renderer\Utility\Camera\EditorCamera.h">
      <Filter>src\Origin\Renderer\Utility\Camera</Filter>
    </ClInclude>
    <ClInclude Include="src\Origin\Renderer\Utility\Camera\SceneCamera.h">
      <Filter>src\Origin\Renderer\Utility\Camera</Filter>
    </ClInclude>
    <ClInclude Include="src\Origin\Scene\Components.h">
      <Filter>src\Origin\Scene</Filter>
    </ClInclude>
    <ClInclude Include="src\Origin\Scene\Entity.h">
      <Filter>src\Origin\Scene</Filter>
    </ClInclude>
    <ClInclude Include="src\Origin\Scene\Scene.h">
      <Filter>src\Origin\Scene</Filter>
    </ClInclude>
    <ClInclude Include="src\Origin\Utility\FileSystem\FileStream.h">
      <Filter>src\Origin\Utility\FileSystem</Filter>
    </ClInclude>
    <ClInclude Include="src\Origin\Utility\FileSystem\Files.h">
      <Filter>src\Origin\Utility\FileSystem</Filter>
    </ClInclude>
    <ClInclude Include="src\Origin\Utility\Imgui\ImGuiCustom.h">
      <Filter>src\Origin\Utility\Imgui</Filter>
    </ClInclude>
    <ClInclude Include="src\Origin\Utility\Imgui\ImGuiLayer.h">
      <Filter>src\Origin\Utility\Imgui</Filter>
    </ClInclude>
    <ClInclude Include="src\Origin\Utility\Log\Log.h">
      <Filter>src\Origin\Utility\Log</Filter>
    </ClInclude>
    <ClInclude Include="src\Origin\Utility\Time\Time.h">
      <Filter>src\Origin\Utility\Time</Filter>
    </ClInclude>
    <ClInclude Include="src\Platform\Opengl\OpenGLBuffers.h">
      <Filter>src\Platform\Opengl</Filter>
    </ClInclude>
    <ClInclude Include="src\Platform\Opengl\OpenGLContex.h">
      <Filter>src\Platform\Opengl</Filter>
    </ClInclude>
    <ClInclude Include="src\Platform\Opengl\OpenGLFrameBuffer.h">
      <Filter>src\Platform\Opengl</Filter>
    </ClInclude>
    <ClInclude Include="src\Platform\Opengl\OpenGLRendererAPI.h">
      <Filter>src\Platform\Opengl</Filter>
    </ClInclude>
    <ClInclude Include="src\Platform\Opengl\OpenGLShader.h">
      <Filter>src\Platform\Opengl</Filter>
    </ClInclude>
    <ClInclude Include="src\Platform\Opengl\OpenGLTexture2D.h">
      <Filter>src\Platform\Opengl</Filter>
    </ClInclude>
    <ClInclude Include="src\Platform\Opengl\OpenGLVertexArray.h">
      <Filter>src\Platform\Opengl</Filter>
    </ClInclude>
    <ClInclude Include="src\Platform\Platform.h">
      <Filter>src\Platform</Filter>
    </ClInclude>
    <ClInclude Include="src\Platform\Windows\WindowsFileStream.h">
      <Filter>src\Platform\Windows</Filter>
    </ClInclude>
    <ClInclude Include="src\Platform\Windows\WindowsWindow.h">
      <Filter>src\Platform\Windows</Filter>
    </ClInclude>
    <ClInclude Include="vendor\entt\entt.hpp">
      <Filter>vendor\entt</Filter>
    </ClInclude>
    <ClInclude Include="vendor\stb_image\stb_image.h">
      <Filter>vendor\stb_image</Filter>
    </ClInclude>
  </ItemGroup>
  <ItemGroup>
    <ClCompile Include="src\OGpch.cpp">
      <Filter>src</Filter>
    </ClCompile>
    <ClCompile Include="src\Origin\Core\Application.cpp">
      <Filter>src\Origin\Core</Filter>
    </ClCompile>
    <ClCompile Include="src\Origin\Core\Math\Math.cpp">
      <Filter>src\Origin\Core\Math</Filter>
    </ClCompile>
    <ClCompile Include="src\Origin\Core\ResourceManager\AssetPool.cpp">
      <Filter>src\Origin\Core\ResourceManager</Filter>
    </ClCompile>
    <ClCompile Include="src\Origin\Layer\Layer.cpp">
      <Filter>src\Origin\Layer</Filter>
    </ClCompile>
    <ClCompile Include="src\Origin\Layer\LayerStack.cpp">
      <Filter>src\Origin\Layer</Filter>
    </ClCompile>
    <ClCompile Include="src\Origin\Renderer\Primitives\Buffers.cpp">
      <Filter>src\Origin\Renderer\Primitives</Filter>
    </ClCompile>
    <ClCompile Include="src\Origin\Renderer\Primitives\FrameBuffer.cpp">
      <Filter>src\Origin\Renderer\Primitives</Filter>
    </ClCompile>
    <ClCompile Include="src\Origin\Renderer\Primitives\Shader.cpp">
      <Filter>src\Origin\Renderer\Primitives</Filter>
    </ClCompile>
    <ClCompile Include="src\Origin\Renderer\Primitives\Texture.cpp">
      <Filter>src\Origin\Renderer\Primitives</Filter>
    </ClCompile>
    <ClCompile Include="src\Origin\Renderer\Primitives\TextureAtlas.cpp">
      <Filter>src\Origin\Renderer\Primitives</Filter>
    </ClCompile>
    <ClCompile Include="src\Origin\Renderer\Primitives\VertexArray.cpp">
      <Filter>src\Origin\Renderer\Primitives</Filter>
    </ClCompile>
    <ClCompile Include="src\Origin\Renderer\RenderCommand.cpp">
      <Filter>src\Origin\Renderer</Filter>
    </ClCompile>
    <ClCompile Include="src\Origin\Renderer\Renderer.cpp">
      <Filter>src\Origin\Renderer</Filter>
    </ClCompile>
    <ClCompile Include="src\Origin\Renderer\Renderer2D.cpp">
      <Filter>src\Origin\Renderer</Filter>
    </ClCompile>
    <ClCompile Include="src\Origin\Renderer\RendererAPI.cpp">
      <Filter>src\Origin\Renderer</Filter>
    </ClCompile>
    <ClCompile Include="src\Origin\Renderer\Utility\Camera\Camera.cpp">
      <Filter>src\Origin\Renderer\Utility\Camera</Filter>
    </ClCompile>
    <ClCompile Include="src\Origin\Renderer\Utility\Camera\EditorCamera.cpp">
      <Filter>src\Origin\Renderer\Utility\Camera</Filter>
    </ClCompile>
    <ClCompile Include="src\Origin\Renderer\Utility\Camera\SceneCamera.cpp">
      <Filter>src\Origin\Renderer\Utility\Camera</Filter>
    </ClCompile>
    <ClCompile Include="src\Origin\Scene\Entity.cpp">
      <Filter>src\Origin\Scene</Filter>
    </ClCompile>
    <ClCompile Include="src\Origin\Scene\Scene.cpp">
      <Filter>src\Origin\Scene</Filter>
    </ClCompile>
    <ClCompile Include="src\Origin\Utility\FileSystem\FileStream.cpp">
      <Filter>src\Origin\Utility\FileSystem</Filter>
    </ClCompile>
    <ClCompile Include="src\Origin\Utility\FileSystem\Files.cpp">
      <Filter>src\Origin\Utility\FileSystem</Filter>
    </ClCompile>
    <ClCompile Include="src\Origin\Utility\Imgui\ImGuiBuild.cpp">
      <Filter>src\Origin\Utility\Imgui</Filter>
    </ClCompile>
    <ClCompile Include="src\Origin\Utility\Imgui\ImGuiCustom.cpp">
      <Filter>src\Origin\Utility\Imgui</Filter>
    </ClCompile>
    <ClCompile Include="src\Origin\Utility\Imgui\ImGuiLayer.cpp">
      <Filter>src\Origin\Utility\Imgui</Filter>
    </ClCompile>
    <ClCompile Include="src\Origin\Utility\Log\Log.cpp">
      <Filter>src\Origin\Utility\Log</Filter>
    </ClCompile>
    <ClCompile Include="src\Origin\Utility\Time\Time.cpp">
      <Filter>src\Origin\Utility\Time</Filter>
    </ClCompile>
    <ClCompile Include="src\Platform\Opengl\OpenGLBuffers.cpp">
      <Filter>src\Platform\Opengl</Filter>
    </ClCompile>
    <ClCompile Include="src\Platform\Opengl\OpenGLContex.cpp">
      <Filter>src\Platform\Opengl</Filter>
    </ClCompile>
    <ClCompile Include="src\Platform\Opengl\OpenGLFrameBuffer.cpp">
      <Filter>src\Platform\Opengl</Filter>
    </ClCompile>
    <ClCompile Include="src\Platform\Opengl\OpenGLRendererAPI.cpp">
      <Filter>src\Platform\Opengl</Filter>
    </ClCompile>
    <ClCompile Include="src\Platform\Opengl\OpenGLShader.cpp">
      <Filter>src\Platform\Opengl</Filter>
    </ClCompile>
    <ClCompile Include="src\Platform\Opengl\OpenGLTexture2D.cpp">
      <Filter>src\Platform\Opengl</Filter>
    </ClCompile>
    <ClCompile Include="src\Platform\Opengl\OpenGLVertexArray.cpp">
      <Filter>src\Platform\Opengl</Filter>
    </ClCompile>
    <ClCompile Include="src\Platform\Platform.cpp">
      <Filter>src\Platform</Filter>
    </ClCompile>
    <ClCompile Include="src\Platform\Windows\WindowsFileStream.cpp">
      <Filter>src\Platform\Windows</Filter>
    </ClCompile>
    <ClCompile Include="src\Platform\Windows\WindowsInput.cpp">
      <Filter>src\Platform\Windows</Filter>
    </ClCompile>
    <ClCompile Include="src\Platform\Windows\WindowsWindow.cpp">
      <Filter>src\Platform\Windows</Filter>
    </ClCompile>
    <ClCompile Include="vendor\stb_image\stb_image.cpp">
      <Filter>vendor\stb_image</Filter>
    </ClCompile>
  </ItemGroup>
  <ItemGroup>
    <None Include="asset\Grid.glsl" />
  </ItemGroup>
</Project>