<?xml version="1.0" encoding="utf-8"?>
<Project ToolsVersion="4.0" xmlns="http://schemas.microsoft.com/developer/msbuild/2003">
  <ItemGroup>
    <Filter Include="Origin">
      <UniqueIdentifier>{CDCF70C8-B971-9B9E-A22C-AFF28E6D22EF}</UniqueIdentifier>
    </Filter>
    <Filter Include="Origin\util">
      <UniqueIdentifier>{5A5B104C-C610-8941-4F05-8318BBB97F45}</UniqueIdentifier>
    </Filter>
    <Filter Include="Origin\util\log">
      <UniqueIdentifier>{4B183E49-B7A3-AB0D-C0B4-2E022CBF070E}</UniqueIdentifier>
    </Filter>
  </ItemGroup>
  <ItemGroup>
    <ClInclude Include="src\Origin.h" />
    <ClInclude Include="src\Origin\Application.h">
      <Filter>Origin</Filter>
    </ClInclude>
    <ClInclude Include="src\Origin\Core.h">
      <Filter>Origin</Filter>
    </ClInclude>
    <ClInclude Include="src\Origin\EntryPoint.h">
      <Filter>Origin</Filter>
    </ClInclude>
    <ClInclude Include="src\Origin\util\log\Log.h">
      <Filter>Origin\util\log</Filter>
    </ClInclude>
  </ItemGroup>
  <ItemGroup>
    <ClCompile Include="src\Origin\Application.cpp">
      <Filter>Origin</Filter>
    </ClCompile>
    <ClCompile Include="src\Origin\util\log\Log.cpp">
      <Filter>Origin\util\log</Filter>
    </ClCompile>
  </ItemGroup>
</Project>